
Microsoft Visual Studio Solution File, Format Version 12.00
# Visual Studio Version 17
VisualStudioVersion = 17.12.35521.163
MinimumVisualStudioVersion = 10.0.40219.1
Project("{FAE04EC0-301F-11D3-BF4B-00C04F79EFBC}") = "NN.NandiniSareesWebAPIs", "NN.NandiniSareesWebAPIs.csproj", "{127B6763-FDB2-46EA-801F-6E600385DD53}"
EndProject
Project("{FAE04EC0-301F-11D3-BF4B-00C04F79EFBC}") = "NN.NandiniSarees.Repositories", "..\NN.NandiniSarees.Repositories\NN.NandiniSarees.Repositories.csproj", "{BF860125-E7E1-4FC4-BEAC-A77B94F4350D}"
EndProject
Project("{FAE04EC0-301F-11D3-BF4B-00C04F79EFBC}") = "NN.NandiniSarees.Models", "..\NN.NandiniSarees.Models\NN.NandiniSarees.Models.csproj", "{6CCEB66D-B911-47B3-B2F5-D808AD6DEC1C}"
EndProject
Global
	GlobalSection(SolutionConfigurationPlatforms) = preSolution
		Debug|Any CPU = Debug|Any CPU
		Release|Any CPU = Release|Any CPU
	EndGlobalSection
	GlobalSection(ProjectConfigurationPlatforms) = postSolution
		{127B6763-FDB2-46EA-801F-6E600385DD53}.Debug|Any CPU.ActiveCfg = Debug|Any CPU
		{127B6763-FDB2-46EA-801F-6E600385DD53}.Debug|Any CPU.Build.0 = Debug|Any CPU
		{127B6763-FDB2-46EA-801F-6E600385DD53}.Release|Any CPU.ActiveCfg = Release|Any CPU
		{127B6763-FDB2-46EA-801F-6E600385DD53}.Release|Any CPU.Build.0 = Release|Any CPU
		{BF860125-E7E1-4FC4-BEAC-A77B94F4350D}.Debug|Any CPU.ActiveCfg = Debug|Any CPU
		{BF860125-E7E1-4FC4-BEAC-A77B94F4350D}.Debug|Any CPU.Build.0 = Debug|Any CPU
		{BF860125-E7E1-4FC4-BEAC-A77B94F4350D}.Release|Any CPU.ActiveCfg = Release|Any CPU
		{BF860125-E7E1-4FC4-BEAC-A77B94F4350D}.Release|Any CPU.Build.0 = Release|Any CPU
		{6CCEB66D-B911-47B3-B2F5-D808AD6DEC1C}.Debug|Any CPU.ActiveCfg = Debug|Any CPU
		{6CCEB66D-B911-47B3-B2F5-D808AD6DEC1C}.Debug|Any CPU.Build.0 = Debug|Any CPU
		{6CCEB66D-B911-47B3-B2F5-D808AD6DEC1C}.Release|Any CPU.ActiveCfg = Release|Any CPU
		{6CCEB66D-B911-47B3-B2F5-D808AD6DEC1C}.Release|Any CPU.Build.0 = Release|Any CPU
	EndGlobalSection
	GlobalSection(SolutionProperties) = preSolution
		HideSolutionNode = FALSE
	EndGlobalSection
EndGlobal
